
Microsoft Visual Studio Solution File, Format Version 12.00
# Visual Studio Version 16
VisualStudioVersion = 16.0.32126.315
MinimumVisualStudioVersion = 10.0.40219.1
Project("{FAE04EC0-301F-11D3-BF4B-00C04F79EFBC}") = "Рисовалка", "Рисовалка.csproj", "{0A0A9DF0-574F-41AF-A908-206006F43CE0}"
EndProject
Global
	GlobalSection(SolutionConfigurationPlatforms) = preSolution
		Debug|Any CPU = Debug|Any CPU
		Release|Any CPU = Release|Any CPU
	EndGlobalSection
	GlobalSection(ProjectConfigurationPlatforms) = postSolution
		{0A0A9DF0-574F-41AF-A908-206006F43CE0}.Debug|Any CPU.ActiveCfg = Debug|Any CPU
		{0A0A9DF0-574F-41AF-A908-206006F43CE0}.Debug|Any CPU.Build.0 = Debug|Any CPU
		{0A0A9DF0-574F-41AF-A908-206006F43CE0}.Release|Any CPU.ActiveCfg = Release|Any CPU
		{0A0A9DF0-574F-41AF-A908-206006F43CE0}.Release|Any CPU.Build.0 = Release|Any CPU
	EndGlobalSection
	GlobalSection(SolutionProperties) = preSolution
		HideSolutionNode = FALSE
	EndGlobalSection
	GlobalSection(ExtensibilityGlobals) = postSolution
		SolutionGuid = {DDBEDD9C-86A2-4017-AA9D-901D7FFE0609}
	EndGlobalSection
EndGlobal
